
Microsoft Visual Studio Solution File, Format Version 12.00
# Visual Studio Version 16
VisualStudioVersion = 16.0.31424.327
MinimumVisualStudioVersion = 10.0.40219.1
Project("{FAE04EC0-301F-11D3-BF4B-00C04F79EFBC}") = "ClassroomV2.Web", "ClassroomV2.Web\ClassroomV2.Web.csproj", "{5B21B554-15B8-46DD-8F4F-0D1C6A271EFD}"
EndProject
Project("{FAE04EC0-301F-11D3-BF4B-00C04F79EFBC}") = "ClassroomV2.Membership", "ClassroomV2.Membership\ClassroomV2.Membership.csproj", "{EF215AE7-AEF7-4B9A-B6AA-F469F48F2581}"
EndProject
Project("{FAE04EC0-301F-11D3-BF4B-00C04F79EFBC}") = "ClassroomV2.Common", "ClassroomV2.Common\ClassroomV2.Common.csproj", "{D603772C-B1CD-468C-A11B-607797B0FE96}"
EndProject
Project("{FAE04EC0-301F-11D3-BF4B-00C04F79EFBC}") = "ClassroomV2.DataAccessLayer", "ClassroomV2.DataAccessLayer\ClassroomV2.DataAccessLayer.csproj", "{1B9689C5-A1FD-4686-9B52-8201E42C5C61}"
EndProject
Global
	GlobalSection(SolutionConfigurationPlatforms) = preSolution
		Debug|Any CPU = Debug|Any CPU
		Release|Any CPU = Release|Any CPU
	EndGlobalSection
	GlobalSection(ProjectConfigurationPlatforms) = postSolution
		{5B21B554-15B8-46DD-8F4F-0D1C6A271EFD}.Debug|Any CPU.ActiveCfg = Debug|Any CPU
		{5B21B554-15B8-46DD-8F4F-0D1C6A271EFD}.Debug|Any CPU.Build.0 = Debug|Any CPU
		{5B21B554-15B8-46DD-8F4F-0D1C6A271EFD}.Release|Any CPU.ActiveCfg = Release|Any CPU
		{5B21B554-15B8-46DD-8F4F-0D1C6A271EFD}.Release|Any CPU.Build.0 = Release|Any CPU
		{EF215AE7-AEF7-4B9A-B6AA-F469F48F2581}.Debug|Any CPU.ActiveCfg = Debug|Any CPU
		{EF215AE7-AEF7-4B9A-B6AA-F469F48F2581}.Debug|Any CPU.Build.0 = Debug|Any CPU
		{EF215AE7-AEF7-4B9A-B6AA-F469F48F2581}.Release|Any CPU.ActiveCfg = Release|Any CPU
		{EF215AE7-AEF7-4B9A-B6AA-F469F48F2581}.Release|Any CPU.Build.0 = Release|Any CPU
		{D603772C-B1CD-468C-A11B-607797B0FE96}.Debug|Any CPU.ActiveCfg = Debug|Any CPU
		{D603772C-B1CD-468C-A11B-607797B0FE96}.Debug|Any CPU.Build.0 = Debug|Any CPU
		{D603772C-B1CD-468C-A11B-607797B0FE96}.Release|Any CPU.ActiveCfg = Release|Any CPU
		{D603772C-B1CD-468C-A11B-607797B0FE96}.Release|Any CPU.Build.0 = Release|Any CPU
		{1B9689C5-A1FD-4686-9B52-8201E42C5C61}.Debug|Any CPU.ActiveCfg = Debug|Any CPU
		{1B9689C5-A1FD-4686-9B52-8201E42C5C61}.Debug|Any CPU.Build.0 = Debug|Any CPU
		{1B9689C5-A1FD-4686-9B52-8201E42C5C61}.Release|Any CPU.ActiveCfg = Release|Any CPU
		{1B9689C5-A1FD-4686-9B52-8201E42C5C61}.Release|Any CPU.Build.0 = Release|Any CPU
	EndGlobalSection
	GlobalSection(SolutionProperties) = preSolution
		HideSolutionNode = FALSE
	EndGlobalSection
	GlobalSection(ExtensibilityGlobals) = postSolution
		SolutionGuid = {24AB2F7B-E80E-4E86-A204-0EE795CE3CA6}
	EndGlobalSection
EndGlobal
